{
  "version": 4,
  "terraform_version": "1.10.3",
  "serial": 25,
  "lineage": "cf8eae39-3a95-6307-f7ee-6ce5c7ccb84a",
  "outputs": {
    "artifact_registry_url": {
      "value": "asia-northeast1-docker.pkg.dev/project-a98a4810-1025-412c-880/todo-app",
      "type": "string"
    },
    "backend_url": {
      "value": null,
      "type": "string"
    },
    "database_instance_name": {
      "value": "todo-app-mysql",
      "type": "string"
    },
    "database_private_ip": {
      "value": "10.233.0.3",
      "type": "string"
    },
    "frontend_url": {
      "value": null,
      "type": "string"
    }
  },
  "resources": [
    {
      "mode": "data",
      "type": "google_artifact_registry_repository",
      "name": "main",
      "provider": "provider[\"registry.terraform.io/hashicorp/google\"]",
      "instances": [
        {
          "schema_version": 0,
          "attributes": {
            "cleanup_policies": [],
            "cleanup_policy_dry_run": false,
            "create_time": "2025-10-20T22:48:05.044050Z",
            "description": "Docker repository for Todo App",
            "docker_config": [],
            "effective_labels": {},
            "format": "DOCKER",
            "id": "projects/project-a98a4810-1025-412c-880/locations/asia-northeast1/repositories/todo-app",
            "kms_key_name": "",
            "labels": {},
            "location": "asia-northeast1",
            "maven_config": [],
            "mode": "STANDARD_REPOSITORY",
            "name": "todo-app",
            "project": "project-a98a4810-1025-412c-880",
            "remote_repository_config": [],
            "repository_id": "todo-app",
            "terraform_labels": {},
            "update_time": "2025-10-20T22:55:02.853325Z",
            "virtual_repository_config": []
          },
          "sensitive_attributes": []
        }
      ]
    },
    {
      "mode": "data",
      "type": "google_project",
      "name": "project",
      "provider": "provider[\"registry.terraform.io/hashicorp/google\"]",
      "instances": [
        {
          "schema_version": 0,
          "attributes": {
            "auto_create_network": null,
            "billing_account": "014242-F731D8-38157B",
            "deletion_policy": "DELETE",
            "effective_labels": {},
            "folder_id": "",
            "id": "projects/project-a98a4810-1025-412c-880",
            "labels": {},
            "name": "My First Project",
            "number": "908945350939",
            "org_id": "639841388621",
            "project_id": "project-a98a4810-1025-412c-880",
            "skip_delete": null,
            "terraform_labels": {}
          },
          "sensitive_attributes": []
        }
      ]
    },
    {
      "mode": "managed",
      "type": "google_cloud_run_service",
      "name": "backend",
      "provider": "provider[\"registry.terraform.io/hashicorp/google\"]",
      "instances": [
        {
          "status": "tainted",
          "schema_version": 2,
          "attributes": {
            "autogenerate_revision_name": false,
            "id": "locations/asia-northeast1/namespaces/project-a98a4810-1025-412c-880/services/todo-backend",
            "location": "asia-northeast1",
            "metadata": null,
            "name": "todo-backend",
            "project": "project-a98a4810-1025-412c-880",
            "status": null,
            "template": [
              {
                "metadata": [
                  {
                    "annotations": {
                      "autoscaling.knative.dev/maxScale": "10",
                      "run.googleapis.com/vpc-access-connector": "projects/project-a98a4810-1025-412c-880/locations/asia-northeast1/connectors/todo-app-connector",
                      "run.googleapis.com/vpc-access-egress": "private-ranges-only"
                    },
                    "generation": 0,
                    "labels": {},
                    "name": "",
                    "namespace": "",
                    "resource_version": "",
                    "self_link": "",
                    "uid": ""
                  }
                ],
                "spec": [
                  {
                    "container_concurrency": 80,
                    "containers": [
                      {
                        "args": null,
                        "command": null,
                        "env": [
                          {
                            "name": "DB_HOST",
                            "value": "10.233.0.3",
                            "value_from": []
                          },
                          {
                            "name": "DB_NAME",
                            "value": "todo_db",
                            "value_from": []
                          },
                          {
                            "name": "DB_PASSWORD",
                            "value": "",
                            "value_from": [
                              {
                                "secret_key_ref": [
                                  {
                                    "key": "latest",
                                    "name": "db-password"
                                  }
                                ]
                              }
                            ]
                          },
                          {
                            "name": "DB_USER",
                            "value": "todoapp_user",
                            "value_from": []
                          },
                          {
                            "name": "NODE_ENV",
                            "value": "production",
                            "value_from": []
                          }
                        ],
                        "env_from": [],
                        "image": "asia-northeast1-docker.pkg.dev/project-a98a4810-1025-412c-880/todo-app/backend:latest",
                        "liveness_probe": [],
                        "name": "",
                        "ports": [],
                        "resources": [
                          {
                            "limits": {
                              "cpu": "1000m",
                              "memory": "512Mi"
                            },
                            "requests": null
                          }
                        ],
                        "startup_probe": [],
                        "volume_mounts": [],
                        "working_dir": ""
                      }
                    ],
                    "service_account_name": "",
                    "serving_state": "",
                    "timeout_seconds": 0,
                    "volumes": []
                  }
                ]
              }
            ],
            "timeouts": null,
            "traffic": [
              {
                "latest_revision": true,
                "percent": 100,
                "revision_name": "",
                "tag": "",
                "url": ""
              }
            ]
          },
          "sensitive_attributes": [],
          "private": "eyJlMmJmYjczMC1lY2FhLTExZTYtOGY4OC0zNDM2M2JjN2M0YzAiOnsiY3JlYXRlIjoxMjAwMDAwMDAwMDAwLCJkZWxldGUiOjEyMDAwMDAwMDAwMDAsInVwZGF0ZSI6MTIwMDAwMDAwMDAwMH0sInNjaGVtYV92ZXJzaW9uIjoiMiJ9",
          "dependencies": [
            "google_compute_global_address.private_ip_address",
            "google_compute_network.vpc",
            "google_project_service.cloudrun",
            "google_project_service.secretmanager",
            "google_project_service.servicenetworking",
            "google_project_service.sqladmin",
            "google_project_service.vpcaccess",
            "google_secret_manager_secret.db_password",
            "google_service_networking_connection.private_vpc_connection",
            "google_sql_database_instance.main",
            "google_vpc_access_connector.connector"
          ]
        }
      ]
    },
    {
      "mode": "managed",
      "type": "google_compute_global_address",
      "name": "private_ip_address",
      "provider": "provider[\"registry.terraform.io/hashicorp/google\"]",
      "instances": [
        {
          "schema_version": 0,
          "attributes": {
            "address": "10.233.0.0",
            "address_type": "INTERNAL",
            "creation_timestamp": "2025-10-20T15:13:33.281-07:00",
            "description": "",
            "effective_labels": {},
            "id": "projects/project-a98a4810-1025-412c-880/global/addresses/todo-app-private-ip",
            "ip_version": "",
            "label_fingerprint": "42WmSpB8rSM=",
            "labels": {},
            "name": "todo-app-private-ip",
            "network": "https://www.googleapis.com/compute/v1/projects/project-a98a4810-1025-412c-880/global/networks/todo-app-vpc",
            "prefix_length": 16,
            "project": "project-a98a4810-1025-412c-880",
            "purpose": "VPC_PEERING",
            "self_link": "https://www.googleapis.com/compute/v1/projects/project-a98a4810-1025-412c-880/global/addresses/todo-app-private-ip",
            "terraform_labels": {},
            "timeouts": null
          },
          "sensitive_attributes": [],
          "private": "eyJlMmJmYjczMC1lY2FhLTExZTYtOGY4OC0zNDM2M2JjN2M0YzAiOnsiY3JlYXRlIjoxMjAwMDAwMDAwMDAwLCJkZWxldGUiOjEyMDAwMDAwMDAwMDAsInVwZGF0ZSI6MTIwMDAwMDAwMDAwMH0sInNjaGVtYV92ZXJzaW9uIjoiMCJ9",
          "dependencies": [
            "google_compute_network.vpc",
            "google_project_service.servicenetworking"
          ]
        }
      ]
    },
    {
      "mode": "managed",
      "type": "google_compute_network",
      "name": "vpc",
      "provider": "provider[\"registry.terraform.io/hashicorp/google\"]",
      "instances": [
        {
          "schema_version": 0,
          "attributes": {
            "auto_create_subnetworks": false,
            "delete_default_routes_on_create": false,
            "description": "",
            "enable_ula_internal_ipv6": false,
            "gateway_ipv4": "",
            "id": "projects/project-a98a4810-1025-412c-880/global/networks/todo-app-vpc",
            "internal_ipv6_range": "",
            "mtu": 0,
            "name": "todo-app-vpc",
            "network_firewall_policy_enforcement_order": "AFTER_CLASSIC_FIREWALL",
            "numeric_id": "2158210924586667289",
            "project": "project-a98a4810-1025-412c-880",
            "routing_mode": "REGIONAL",
            "self_link": "https://www.googleapis.com/compute/v1/projects/project-a98a4810-1025-412c-880/global/networks/todo-app-vpc",
            "timeouts": null
          },
          "sensitive_attributes": [],
          "private": "eyJlMmJmYjczMC1lY2FhLTExZTYtOGY4OC0zNDM2M2JjN2M0YzAiOnsiY3JlYXRlIjoxMjAwMDAwMDAwMDAwLCJkZWxldGUiOjEyMDAwMDAwMDAwMDAsInVwZGF0ZSI6MTIwMDAwMDAwMDAwMH0sInNjaGVtYV92ZXJzaW9uIjoiMCJ9",
          "dependencies": [
            "google_project_service.servicenetworking"
          ]
        }
      ]
    },
    {
      "mode": "managed",
      "type": "google_compute_subnetwork",
      "name": "subnet",
      "provider": "provider[\"registry.terraform.io/hashicorp/google\"]",
      "instances": [
        {
          "schema_version": 0,
          "attributes": {
            "creation_timestamp": "2025-10-20T15:13:37.213-07:00",
            "description": "",
            "external_ipv6_prefix": "",
            "fingerprint": null,
            "gateway_address": "10.0.0.1",
            "id": "projects/project-a98a4810-1025-412c-880/regions/asia-northeast1/subnetworks/todo-app-subnet",
            "internal_ipv6_prefix": "",
            "ip_cidr_range": "10.0.0.0/24",
            "ipv6_access_type": "",
            "ipv6_cidr_range": "",
            "log_config": [],
            "name": "todo-app-subnet",
            "network": "https://www.googleapis.com/compute/v1/projects/project-a98a4810-1025-412c-880/global/networks/todo-app-vpc",
            "private_ip_google_access": false,
            "private_ipv6_google_access": "DISABLE_GOOGLE_ACCESS",
            "project": "project-a98a4810-1025-412c-880",
            "purpose": "PRIVATE",
            "region": "asia-northeast1",
            "role": "",
            "secondary_ip_range": [],
            "self_link": "https://www.googleapis.com/compute/v1/projects/project-a98a4810-1025-412c-880/regions/asia-northeast1/subnetworks/todo-app-subnet",
            "send_secondary_ip_range_if_empty": null,
            "stack_type": "IPV4_ONLY",
            "timeouts": null
          },
          "sensitive_attributes": [],
          "private": "eyJlMmJmYjczMC1lY2FhLTExZTYtOGY4OC0zNDM2M2JjN2M0YzAiOnsiY3JlYXRlIjoxMjAwMDAwMDAwMDAwLCJkZWxldGUiOjEyMDAwMDAwMDAwMDAsInVwZGF0ZSI6MTIwMDAwMDAwMDAwMH0sInNjaGVtYV92ZXJzaW9uIjoiMCJ9",
          "dependencies": [
            "google_compute_network.vpc",
            "google_project_service.servicenetworking"
          ]
        }
      ]
    },
    {
      "mode": "managed",
      "type": "google_project_service",
      "name": "artifactregistry",
      "provider": "provider[\"registry.terraform.io/hashicorp/google\"]",
      "instances": [
        {
          "schema_version": 0,
          "attributes": {
            "disable_dependent_services": null,
            "disable_on_destroy": false,
            "id": "project-a98a4810-1025-412c-880/artifactregistry.googleapis.com",
            "project": "project-a98a4810-1025-412c-880",
            "service": "artifactregistry.googleapis.com",
            "timeouts": null
          },
          "sensitive_attributes": [],
          "private": "eyJlMmJmYjczMC1lY2FhLTExZTYtOGY4OC0zNDM2M2JjN2M0YzAiOnsiY3JlYXRlIjoxMjAwMDAwMDAwMDAwLCJkZWxldGUiOjEyMDAwMDAwMDAwMDAsInJlYWQiOjYwMDAwMDAwMDAwMCwidXBkYXRlIjoxMjAwMDAwMDAwMDAwfX0="
        }
      ]
    },
    {
      "mode": "managed",
      "type": "google_project_service",
      "name": "cloudbuild",
      "provider": "provider[\"registry.terraform.io/hashicorp/google\"]",
      "instances": [
        {
          "schema_version": 0,
          "attributes": {
            "disable_dependent_services": null,
            "disable_on_destroy": false,
            "id": "project-a98a4810-1025-412c-880/cloudbuild.googleapis.com",
            "project": "project-a98a4810-1025-412c-880",
            "service": "cloudbuild.googleapis.com",
            "timeouts": null
          },
          "sensitive_attributes": [],
          "private": "eyJlMmJmYjczMC1lY2FhLTExZTYtOGY4OC0zNDM2M2JjN2M0YzAiOnsiY3JlYXRlIjoxMjAwMDAwMDAwMDAwLCJkZWxldGUiOjEyMDAwMDAwMDAwMDAsInJlYWQiOjYwMDAwMDAwMDAwMCwidXBkYXRlIjoxMjAwMDAwMDAwMDAwfX0="
        }
      ]
    },
    {
      "mode": "managed",
      "type": "google_project_service",
      "name": "cloudrun",
      "provider": "provider[\"registry.terraform.io/hashicorp/google\"]",
      "instances": [
        {
          "schema_version": 0,
          "attributes": {
            "disable_dependent_services": null,
            "disable_on_destroy": false,
            "id": "project-a98a4810-1025-412c-880/run.googleapis.com",
            "project": "project-a98a4810-1025-412c-880",
            "service": "run.googleapis.com",
            "timeouts": null
          },
          "sensitive_attributes": [],
          "private": "eyJlMmJmYjczMC1lY2FhLTExZTYtOGY4OC0zNDM2M2JjN2M0YzAiOnsiY3JlYXRlIjoxMjAwMDAwMDAwMDAwLCJkZWxldGUiOjEyMDAwMDAwMDAwMDAsInJlYWQiOjYwMDAwMDAwMDAwMCwidXBkYXRlIjoxMjAwMDAwMDAwMDAwfX0="
        }
      ]
    },
    {
      "mode": "managed",
      "type": "google_project_service",
      "name": "secretmanager",
      "provider": "provider[\"registry.terraform.io/hashicorp/google\"]",
      "instances": [
        {
          "schema_version": 0,
          "attributes": {
            "disable_dependent_services": null,
            "disable_on_destroy": false,
            "id": "project-a98a4810-1025-412c-880/secretmanager.googleapis.com",
            "project": "project-a98a4810-1025-412c-880",
            "service": "secretmanager.googleapis.com",
            "timeouts": null
          },
          "sensitive_attributes": [],
          "private": "eyJlMmJmYjczMC1lY2FhLTExZTYtOGY4OC0zNDM2M2JjN2M0YzAiOnsiY3JlYXRlIjoxMjAwMDAwMDAwMDAwLCJkZWxldGUiOjEyMDAwMDAwMDAwMDAsInJlYWQiOjYwMDAwMDAwMDAwMCwidXBkYXRlIjoxMjAwMDAwMDAwMDAwfX0="
        }
      ]
    },
    {
      "mode": "managed",
      "type": "google_project_service",
      "name": "servicenetworking",
      "provider": "provider[\"registry.terraform.io/hashicorp/google\"]",
      "instances": [
        {
          "schema_version": 0,
          "attributes": {
            "disable_dependent_services": null,
            "disable_on_destroy": false,
            "id": "project-a98a4810-1025-412c-880/servicenetworking.googleapis.com",
            "project": "project-a98a4810-1025-412c-880",
            "service": "servicenetworking.googleapis.com",
            "timeouts": null
          },
          "sensitive_attributes": [],
          "private": "eyJlMmJmYjczMC1lY2FhLTExZTYtOGY4OC0zNDM2M2JjN2M0YzAiOnsiY3JlYXRlIjoxMjAwMDAwMDAwMDAwLCJkZWxldGUiOjEyMDAwMDAwMDAwMDAsInJlYWQiOjYwMDAwMDAwMDAwMCwidXBkYXRlIjoxMjAwMDAwMDAwMDAwfX0="
        }
      ]
    },
    {
      "mode": "managed",
      "type": "google_project_service",
      "name": "sqladmin",
      "provider": "provider[\"registry.terraform.io/hashicorp/google\"]",
      "instances": [
        {
          "schema_version": 0,
          "attributes": {
            "disable_dependent_services": null,
            "disable_on_destroy": false,
            "id": "project-a98a4810-1025-412c-880/sqladmin.googleapis.com",
            "project": "project-a98a4810-1025-412c-880",
            "service": "sqladmin.googleapis.com",
            "timeouts": null
          },
          "sensitive_attributes": [],
          "private": "eyJlMmJmYjczMC1lY2FhLTExZTYtOGY4OC0zNDM2M2JjN2M0YzAiOnsiY3JlYXRlIjoxMjAwMDAwMDAwMDAwLCJkZWxldGUiOjEyMDAwMDAwMDAwMDAsInJlYWQiOjYwMDAwMDAwMDAwMCwidXBkYXRlIjoxMjAwMDAwMDAwMDAwfX0="
        }
      ]
    },
    {
      "mode": "managed",
      "type": "google_project_service",
      "name": "vpcaccess",
      "provider": "provider[\"registry.terraform.io/hashicorp/google\"]",
      "instances": [
        {
          "schema_version": 0,
          "attributes": {
            "disable_dependent_services": null,
            "disable_on_destroy": false,
            "id": "project-a98a4810-1025-412c-880/vpcaccess.googleapis.com",
            "project": "project-a98a4810-1025-412c-880",
            "service": "vpcaccess.googleapis.com",
            "timeouts": null
          },
          "sensitive_attributes": [],
          "private": "eyJlMmJmYjczMC1lY2FhLTExZTYtOGY4OC0zNDM2M2JjN2M0YzAiOnsiY3JlYXRlIjoxMjAwMDAwMDAwMDAwLCJkZWxldGUiOjEyMDAwMDAwMDAwMDAsInJlYWQiOjYwMDAwMDAwMDAwMCwidXBkYXRlIjoxMjAwMDAwMDAwMDAwfX0="
        }
      ]
    },
    {
      "mode": "managed",
      "type": "google_secret_manager_secret",
      "name": "db_password",
      "provider": "provider[\"registry.terraform.io/hashicorp/google\"]",
      "instances": [
        {
          "schema_version": 0,
          "attributes": {
            "annotations": {},
            "create_time": "2025-10-20T22:13:09.803880Z",
            "effective_annotations": {},
            "effective_labels": {},
            "expire_time": "",
            "id": "projects/project-a98a4810-1025-412c-880/secrets/db-password",
            "labels": {},
            "name": "projects/908945350939/secrets/db-password",
            "project": "project-a98a4810-1025-412c-880",
            "replication": [
              {
                "auto": [
                  {
                    "customer_managed_encryption": []
                  }
                ],
                "user_managed": []
              }
            ],
            "rotation": [],
            "secret_id": "db-password",
            "terraform_labels": {},
            "timeouts": null,
            "topics": [],
            "ttl": null,
            "version_aliases": {},
            "version_destroy_ttl": ""
          },
          "sensitive_attributes": [],
          "private": "eyJlMmJmYjczMC1lY2FhLTExZTYtOGY4OC0zNDM2M2JjN2M0YzAiOnsiY3JlYXRlIjoxMjAwMDAwMDAwMDAwLCJkZWxldGUiOjEyMDAwMDAwMDAwMDAsInVwZGF0ZSI6MTIwMDAwMDAwMDAwMH0sInNjaGVtYV92ZXJzaW9uIjoiMCJ9",
          "dependencies": [
            "google_project_service.secretmanager"
          ]
        }
      ]
    },
    {
      "mode": "managed",
      "type": "google_secret_manager_secret_iam_member",
      "name": "db_password_access",
      "provider": "provider[\"registry.terraform.io/hashicorp/google\"]",
      "instances": [
        {
          "schema_version": 0,
          "attributes": {
            "condition": [],
            "etag": "BwZBnvseWVA=",
            "id": "projects/project-a98a4810-1025-412c-880/secrets/db-password/roles/secretmanager.secretAccessor/serviceAccount:908945350939-compute@developer.gserviceaccount.com",
            "member": "serviceAccount:908945350939-compute@developer.gserviceaccount.com",
            "project": "project-a98a4810-1025-412c-880",
            "role": "roles/secretmanager.secretAccessor",
            "secret_id": "projects/project-a98a4810-1025-412c-880/secrets/db-password"
          },
          "sensitive_attributes": [],
          "private": "bnVsbA==",
          "dependencies": [
            "data.google_project.project",
            "google_project_service.secretmanager",
            "google_secret_manager_secret.db_password"
          ]
        }
      ]
    },
    {
      "mode": "managed",
      "type": "google_secret_manager_secret_version",
      "name": "db_password",
      "provider": "provider[\"registry.terraform.io/hashicorp/google\"]",
      "instances": [
        {
          "schema_version": 0,
          "attributes": {
            "create_time": "2025-10-20T22:55:35.431485Z",
            "deletion_policy": "DELETE",
            "destroy_time": "",
            "enabled": true,
            "id": "projects/908945350939/secrets/db-password/versions/2",
            "is_secret_data_base64": false,
            "name": "projects/908945350939/secrets/db-password/versions/2",
            "secret": "projects/project-a98a4810-1025-412c-880/secrets/db-password",
            "secret_data": "todoapp_pass",
            "timeouts": null,
            "version": "2"
          },
          "sensitive_attributes": [
            [
              {
                "type": "get_attr",
                "value": "secret_data"
              }
            ]
          ],
          "private": "eyJlMmJmYjczMC1lY2FhLTExZTYtOGY4OC0zNDM2M2JjN2M0YzAiOnsiY3JlYXRlIjoxMjAwMDAwMDAwMDAwLCJkZWxldGUiOjEyMDAwMDAwMDAwMDAsInVwZGF0ZSI6MTIwMDAwMDAwMDAwMH19",
          "dependencies": [
            "google_project_service.secretmanager",
            "google_secret_manager_secret.db_password"
          ]
        }
      ]
    },
    {
      "mode": "managed",
      "type": "google_service_networking_connection",
      "name": "private_vpc_connection",
      "provider": "provider[\"registry.terraform.io/hashicorp/google\"]",
      "instances": [
        {
          "schema_version": 0,
          "attributes": {
            "deletion_policy": null,
            "id": "projects/project-a98a4810-1025-412c-880/global/networks/todo-app-vpc:servicenetworking.googleapis.com",
            "network": "projects/project-a98a4810-1025-412c-880/global/networks/todo-app-vpc",
            "peering": "servicenetworking-googleapis-com",
            "reserved_peering_ranges": [
              "todo-app-private-ip"
            ],
            "service": "servicenetworking.googleapis.com",
            "timeouts": null,
            "update_on_creation_fail": null
          },
          "sensitive_attributes": [],
          "private": "eyJlMmJmYjczMC1lY2FhLTExZTYtOGY4OC0zNDM2M2JjN2M0YzAiOnsiY3JlYXRlIjo2MDAwMDAwMDAwMDAsImRlbGV0ZSI6NjAwMDAwMDAwMDAwLCJ1cGRhdGUiOjYwMDAwMDAwMDAwMH0sInNjaGVtYV92ZXJzaW9uIjoiMCJ9",
          "dependencies": [
            "google_compute_global_address.private_ip_address",
            "google_compute_network.vpc",
            "google_project_service.servicenetworking"
          ]
        }
      ]
    },
    {
      "mode": "managed",
      "type": "google_sql_database",
      "name": "database",
      "provider": "provider[\"registry.terraform.io/hashicorp/google\"]",
      "instances": [
        {
          "schema_version": 0,
          "attributes": {
            "charset": "utf8mb4",
            "collation": "utf8mb4_0900_ai_ci",
            "deletion_policy": "DELETE",
            "id": "projects/project-a98a4810-1025-412c-880/instances/todo-app-mysql/databases/todo_db",
            "instance": "todo-app-mysql",
            "name": "todo_db",
            "project": "project-a98a4810-1025-412c-880",
            "self_link": "https://sqladmin.googleapis.com/sql/v1beta4/projects/project-a98a4810-1025-412c-880/instances/todo-app-mysql/databases/todo_db",
            "timeouts": null
          },
          "sensitive_attributes": [],
          "private": "eyJlMmJmYjczMC1lY2FhLTExZTYtOGY4OC0zNDM2M2JjN2M0YzAiOnsiY3JlYXRlIjoxMjAwMDAwMDAwMDAwLCJkZWxldGUiOjEyMDAwMDAwMDAwMDAsInVwZGF0ZSI6MTIwMDAwMDAwMDAwMH0sInNjaGVtYV92ZXJzaW9uIjoiMCJ9",
          "dependencies": [
            "google_compute_global_address.private_ip_address",
            "google_compute_network.vpc",
            "google_project_service.servicenetworking",
            "google_project_service.sqladmin",
            "google_service_networking_connection.private_vpc_connection",
            "google_sql_database_instance.main"
          ]
        }
      ]
    },
    {
      "mode": "managed",
      "type": "google_sql_database_instance",
      "name": "main",
      "provider": "provider[\"registry.terraform.io/hashicorp/google\"]",
      "instances": [
        {
          "schema_version": 0,
          "attributes": {
            "available_maintenance_versions": [],
            "clone": [],
            "connection_name": "project-a98a4810-1025-412c-880:asia-northeast1:todo-app-mysql",
            "database_version": "MYSQL_8_0",
            "deletion_protection": false,
            "dns_name": "",
            "encryption_key_name": null,
            "first_ip_address": "10.233.0.3",
            "id": "todo-app-mysql",
            "instance_type": "CLOUD_SQL_INSTANCE",
            "ip_address": [
              {
                "ip_address": "10.233.0.3",
                "time_to_retire": "",
                "type": "PRIVATE"
              }
            ],
            "maintenance_version": "MYSQL_8_0_41.R20250531.01_23",
            "master_instance_name": "",
            "name": "todo-app-mysql",
            "private_ip_address": "10.233.0.3",
            "project": "project-a98a4810-1025-412c-880",
            "psc_service_attachment_link": "",
            "public_ip_address": "",
            "region": "asia-northeast1",
            "replica_configuration": [],
            "restore_backup_context": [],
            "root_password": null,
            "self_link": "https://sqladmin.googleapis.com/sql/v1beta4/projects/project-a98a4810-1025-412c-880/instances/todo-app-mysql",
            "server_ca_cert": [
              {
                "cert": "-----BEGIN CERTIFICATE-----\nMIIDfzCCAmegAwIBAgIBADANBgkqhkiG9w0BAQsFADB3MS0wKwYDVQQuEyQ2NmQ2\nMWZjZC1kYmNhLTQyNTQtOGViYi0yZTRiNzFkMDQ3OGIxIzAhBgNVBAMTGkdvb2ds\nZSBDbG91ZCBTUUwgU2VydmVyIENBMRQwEgYDVQQKEwtHb29nbGUsIEluYzELMAkG\nA1UEBhMCVVMwHhcNMjUxMDIwMjIxODAyWhcNMzUxMDE4MjIxOTAyWjB3MS0wKwYD\nVQQuEyQ2NmQ2MWZjZC1kYmNhLTQyNTQtOGViYi0yZTRiNzFkMDQ3OGIxIzAhBgNV\nBAMTGkdvb2dsZSBDbG91ZCBTUUwgU2VydmVyIENBMRQwEgYDVQQKEwtHb29nbGUs\nIEluYzELMAkGA1UEBhMCVVMwggEiMA0GCSqGSIb3DQEBAQUAA4IBDwAwggEKAoIB\nAQDdoGshT9uLb5+/4eAaCFu2Hl8r4nNdWKJIm4cwR8lChxgZEF2dyFjcrWfWQ6l9\nVUcAberWKkstHV4GtP75dUhp4GnyHJonx2k2NNVrO0/rq3n/B4O8arQCui6T27bx\nyXwcQNgEOiIlfX4r5FzUTtW5sUvitf9YLo0rr6HevbyCrXQ9rI5Q86ssTPrq0pXc\nXkiCcrZUZN4GsULQJr6u4BlE2C8BqX3xs04F31E5RGpdSAqGlHFTOki0CYn2ucKe\n68OQ+0PikQWWsrWVOpRz+yyf7T7uRCjOkji/QNItpuUgpDN2kREe6XCKFFU7IJaD\nEti1GBh619rcdDsl96mIdCtpAgMBAAGjFjAUMBIGA1UdEwEB/wQIMAYBAf8CAQAw\nDQYJKoZIhvcNAQELBQADggEBAKXC5GA5XH1VJkAtFXWKOsVLKaoEnN3gmNi5v+5F\nTUUOK47EvCKsen5PYewkXnQ3wiihQUhdWUQLZjAF+zLyJsvVwhywc4NCMNXSp4V2\nrdU5F/HphdVNf0RiNJSA72QmFyW2q+zY4Lzwu/bQGXr4pRZAygQ433vxmSIWotEv\nixu20gOqRu0FgPaW/81/+sx1/4TT7AdOyGlWeCx5h3Fve4JU/z8kMazSmWiD1GOr\nPAWSxqHdE8Kh21wpe6YOkwsJaG+x7G4NJPQGis2ueVWU7WOcgQGhArCsegc33Rf2\nBCRIwwPQ+kD/O3kczLwM9tzPbQcjRZ7Qxdus2VhqeNQ32jc=\n-----END CERTIFICATE-----",
                "common_name": "C=US,O=Google\\, Inc,CN=Google Cloud SQL Server CA,dnQualifier=66d61fcd-dbca-4254-8ebb-2e4b71d0478b",
                "create_time": "2025-10-20T22:18:02.798Z",
                "expiration_time": "2035-10-18T22:19:02.798Z",
                "sha1_fingerprint": "aca57e1b1cd50e4741df469e5ec0c835758e1bcb"
              }
            ],
            "service_account_email_address": "p908945350939-r3yssu@gcp-sa-cloud-sql.iam.gserviceaccount.com",
            "settings": [
              {
                "activation_policy": "ALWAYS",
                "active_directory_config": [],
                "advanced_machine_features": [],
                "availability_type": "ZONAL",
                "backup_configuration": [
                  {
                    "backup_retention_settings": [
                      {
                        "retained_backups": 7,
                        "retention_unit": "COUNT"
                      }
                    ],
                    "binary_log_enabled": true,
                    "enabled": true,
                    "location": "",
                    "point_in_time_recovery_enabled": false,
                    "start_time": "11:00",
                    "transaction_log_retention_days": 7
                  }
                ],
                "collation": "",
                "connector_enforcement": "NOT_REQUIRED",
                "data_cache_config": [],
                "database_flags": [],
                "deletion_protection_enabled": false,
                "deny_maintenance_period": [],
                "disk_autoresize": true,
                "disk_autoresize_limit": 0,
                "disk_size": 10,
                "disk_type": "PD_SSD",
                "edition": "ENTERPRISE",
                "enable_dataplex_integration": false,
                "enable_google_ml_integration": false,
                "insights_config": [],
                "ip_configuration": [
                  {
                    "allocated_ip_range": "",
                    "authorized_networks": [],
                    "enable_private_path_for_google_cloud_services": false,
                    "ipv4_enabled": false,
                    "private_network": "projects/project-a98a4810-1025-412c-880/global/networks/todo-app-vpc",
                    "psc_config": [],
                    "require_ssl": false,
                    "server_ca_mode": "GOOGLE_MANAGED_INTERNAL_CA",
                    "ssl_mode": ""
                  }
                ],
                "location_preference": [
                  {
                    "follow_gae_application": "",
                    "secondary_zone": "",
                    "zone": "asia-northeast1-a"
                  }
                ],
                "maintenance_window": [],
                "password_validation_policy": [],
                "pricing_plan": "PER_USE",
                "sql_server_audit_config": [],
                "tier": "db-f1-micro",
                "time_zone": "",
                "user_labels": {},
                "version": 3
              }
            ],
            "timeouts": null
          },
          "sensitive_attributes": [
            [
              {
                "type": "get_attr",
                "value": "server_ca_cert"
              }
            ],
            [
              {
                "type": "get_attr",
                "value": "root_password"
              }
            ]
          ],
          "private": "eyJlMmJmYjczMC1lY2FhLTExZTYtOGY4OC0zNDM2M2JjN2M0YzAiOnsiY3JlYXRlIjo1NDAwMDAwMDAwMDAwLCJkZWxldGUiOjU0MDAwMDAwMDAwMDAsInVwZGF0ZSI6NTQwMDAwMDAwMDAwMH19",
          "dependencies": [
            "google_compute_global_address.private_ip_address",
            "google_compute_network.vpc",
            "google_project_service.servicenetworking",
            "google_project_service.sqladmin",
            "google_service_networking_connection.private_vpc_connection"
          ]
        }
      ]
    },
    {
      "mode": "managed",
      "type": "google_sql_user",
      "name": "user",
      "provider": "provider[\"registry.terraform.io/hashicorp/google\"]",
      "instances": [
        {
          "schema_version": 1,
          "attributes": {
            "deletion_policy": null,
            "host": "",
            "id": "todoapp_user//todo-app-mysql",
            "instance": "todo-app-mysql",
            "name": "todoapp_user",
            "password": "todoapp_pass",
            "password_policy": [],
            "project": "project-a98a4810-1025-412c-880",
            "sql_server_user_details": [],
            "timeouts": null,
            "type": ""
          },
          "sensitive_attributes": [
            [
              {
                "type": "get_attr",
                "value": "password"
              }
            ]
          ],
          "private": "eyJlMmJmYjczMC1lY2FhLTExZTYtOGY4OC0zNDM2M2JjN2M0YzAiOnsiY3JlYXRlIjo2MDAwMDAwMDAwMDAsImRlbGV0ZSI6NjAwMDAwMDAwMDAwLCJ1cGRhdGUiOjYwMDAwMDAwMDAwMH0sInNjaGVtYV92ZXJzaW9uIjoiMSJ9",
          "dependencies": [
            "google_compute_global_address.private_ip_address",
            "google_compute_network.vpc",
            "google_project_service.servicenetworking",
            "google_project_service.sqladmin",
            "google_service_networking_connection.private_vpc_connection",
            "google_sql_database_instance.main"
          ]
        }
      ]
    },
    {
      "mode": "managed",
      "type": "google_vpc_access_connector",
      "name": "connector",
      "provider": "provider[\"registry.terraform.io/hashicorp/google\"]",
      "instances": [
        {
          "schema_version": 0,
          "attributes": {
            "connected_projects": [
              "project-a98a4810-1025-412c-880"
            ],
            "id": "projects/project-a98a4810-1025-412c-880/locations/asia-northeast1/connectors/todo-app-connector",
            "ip_cidr_range": "10.8.0.0/28",
            "machine_type": "e2-micro",
            "max_instances": 3,
            "max_throughput": 300,
            "min_instances": 2,
            "min_throughput": 200,
            "name": "todo-app-connector",
            "network": "todo-app-vpc",
            "project": "project-a98a4810-1025-412c-880",
            "region": "asia-northeast1",
            "self_link": "projects/project-a98a4810-1025-412c-880/locations/asia-northeast1/connectors/todo-app-connector",
            "state": "READY",
            "subnet": [],
            "timeouts": null
          },
          "sensitive_attributes": [],
          "private": "eyJlMmJmYjczMC1lY2FhLTExZTYtOGY4OC0zNDM2M2JjN2M0YzAiOnsiY3JlYXRlIjoxMjAwMDAwMDAwMDAwLCJkZWxldGUiOjEyMDAwMDAwMDAwMDB9LCJzY2hlbWFfdmVyc2lvbiI6IjAifQ==",
          "dependencies": [
            "google_compute_network.vpc",
            "google_project_service.servicenetworking",
            "google_project_service.vpcaccess"
          ]
        }
      ]
    }
  ],
  "check_results": null
}
